
Microsoft Visual Studio Solution File, Format Version 12.00
# Visual Studio Version 16
VisualStudioVersion = 16.0.30204.135
MinimumVisualStudioVersion = 10.0.40219.1
Project("{FAE04EC0-301F-11D3-BF4B-00C04F79EFBC}") = "SpotifyConnector.Android", "SpotifyConnector.Android\SpotifyConnector.Android.csproj", "{F213F4BB-7A04-4F47-97E3-F2F972D9308E}"
EndProject
Project("{FAE04EC0-301F-11D3-BF4B-00C04F79EFBC}") = "SpotifyConnector.iOS", "SpotifyConnector.iOS\SpotifyConnector.iOS.csproj", "{02A44DBE-48DB-4F4F-8766-7A2DFCB6F3D5}"
EndProject
Project("{FAE04EC0-301F-11D3-BF4B-00C04F79EFBC}") = "SpotifyConnector.UI", "SpotifyConnector\SpotifyConnector.UI.csproj", "{493C506A-5CB1-408D-BF04-88DB89359AE3}"
EndProject
Project("{FAE04EC0-301F-11D3-BF4B-00C04F79EFBC}") = "SpotifyConnector.DataAccess", "..\APIConnector\SpotifyConnector.DataAccess.csproj", "{21EAB8D3-4048-4BFE-91E4-232A982EB72F}"
EndProject
Global
	GlobalSection(SolutionConfigurationPlatforms) = preSolution
		Debug|Any CPU = Debug|Any CPU
		Debug|iPhone = Debug|iPhone
		Debug|iPhoneSimulator = Debug|iPhoneSimulator
		Release|Any CPU = Release|Any CPU
		Release|iPhone = Release|iPhone
		Release|iPhoneSimulator = Release|iPhoneSimulator
	EndGlobalSection
	GlobalSection(ProjectConfigurationPlatforms) = postSolution
		{F213F4BB-7A04-4F47-97E3-F2F972D9308E}.Debug|Any CPU.ActiveCfg = Debug|Any CPU
		{F213F4BB-7A04-4F47-97E3-F2F972D9308E}.Debug|Any CPU.Build.0 = Debug|Any CPU
		{F213F4BB-7A04-4F47-97E3-F2F972D9308E}.Debug|Any CPU.Deploy.0 = Debug|Any CPU
		{F213F4BB-7A04-4F47-97E3-F2F972D9308E}.Debug|iPhone.ActiveCfg = Debug|Any CPU
		{F213F4BB-7A04-4F47-97E3-F2F972D9308E}.Debug|iPhone.Build.0 = Debug|Any CPU
		{F213F4BB-7A04-4F47-97E3-F2F972D9308E}.Debug|iPhone.Deploy.0 = Debug|Any CPU
		{F213F4BB-7A04-4F47-97E3-F2F972D9308E}.Debug|iPhoneSimulator.ActiveCfg = Debug|Any CPU
		{F213F4BB-7A04-4F47-97E3-F2F972D9308E}.Debug|iPhoneSimulator.Build.0 = Debug|Any CPU
		{F213F4BB-7A04-4F47-97E3-F2F972D9308E}.Debug|iPhoneSimulator.Deploy.0 = Debug|Any CPU
		{F213F4BB-7A04-4F47-97E3-F2F972D9308E}.Release|Any CPU.ActiveCfg = Release|Any CPU
		{F213F4BB-7A04-4F47-97E3-F2F972D9308E}.Release|Any CPU.Build.0 = Release|Any CPU
		{F213F4BB-7A04-4F47-97E3-F2F972D9308E}.Release|Any CPU.Deploy.0 = Release|Any CPU
		{F213F4BB-7A04-4F47-97E3-F2F972D9308E}.Release|iPhone.ActiveCfg = Release|Any CPU
		{F213F4BB-7A04-4F47-97E3-F2F972D9308E}.Release|iPhone.Build.0 = Release|Any CPU
		{F213F4BB-7A04-4F47-97E3-F2F972D9308E}.Release|iPhone.Deploy.0 = Release|Any CPU
		{F213F4BB-7A04-4F47-97E3-F2F972D9308E}.Release|iPhoneSimulator.ActiveCfg = Release|Any CPU
		{F213F4BB-7A04-4F47-97E3-F2F972D9308E}.Release|iPhoneSimulator.Build.0 = Release|Any CPU
		{F213F4BB-7A04-4F47-97E3-F2F972D9308E}.Release|iPhoneSimulator.Deploy.0 = Release|Any CPU
		{02A44DBE-48DB-4F4F-8766-7A2DFCB6F3D5}.Debug|Any CPU.ActiveCfg = Debug|iPhone
		{02A44DBE-48DB-4F4F-8766-7A2DFCB6F3D5}.Debug|Any CPU.Build.0 = Debug|iPhone
		{02A44DBE-48DB-4F4F-8766-7A2DFCB6F3D5}.Debug|Any CPU.Deploy.0 = Debug|iPhone
		{02A44DBE-48DB-4F4F-8766-7A2DFCB6F3D5}.Debug|iPhone.ActiveCfg = Debug|iPhone
		{02A44DBE-48DB-4F4F-8766-7A2DFCB6F3D5}.Debug|iPhone.Build.0 = Debug|iPhone
		{02A44DBE-48DB-4F4F-8766-7A2DFCB6F3D5}.Debug|iPhone.Deploy.0 = Debug|iPhone
		{02A44DBE-48DB-4F4F-8766-7A2DFCB6F3D5}.Debug|iPhoneSimulator.ActiveCfg = Debug|iPhoneSimulator
		{02A44DBE-48DB-4F4F-8766-7A2DFCB6F3D5}.Debug|iPhoneSimulator.Build.0 = Debug|iPhoneSimulator
		{02A44DBE-48DB-4F4F-8766-7A2DFCB6F3D5}.Debug|iPhoneSimulator.Deploy.0 = Debug|iPhoneSimulator
		{02A44DBE-48DB-4F4F-8766-7A2DFCB6F3D5}.Release|Any CPU.ActiveCfg = Release|iPhone
		{02A44DBE-48DB-4F4F-8766-7A2DFCB6F3D5}.Release|Any CPU.Build.0 = Release|iPhone
		{02A44DBE-48DB-4F4F-8766-7A2DFCB6F3D5}.Release|Any CPU.Deploy.0 = Release|iPhone
		{02A44DBE-48DB-4F4F-8766-7A2DFCB6F3D5}.Release|iPhone.ActiveCfg = Release|iPhone
		{02A44DBE-48DB-4F4F-8766-7A2DFCB6F3D5}.Release|iPhone.Build.0 = Release|iPhone
		{02A44DBE-48DB-4F4F-8766-7A2DFCB6F3D5}.Release|iPhone.Deploy.0 = Release|iPhone
		{02A44DBE-48DB-4F4F-8766-7A2DFCB6F3D5}.Release|iPhoneSimulator.ActiveCfg = Release|iPhoneSimulator
		{02A44DBE-48DB-4F4F-8766-7A2DFCB6F3D5}.Release|iPhoneSimulator.Build.0 = Release|iPhoneSimulator
		{02A44DBE-48DB-4F4F-8766-7A2DFCB6F3D5}.Release|iPhoneSimulator.Deploy.0 = Release|iPhoneSimulator
		{493C506A-5CB1-408D-BF04-88DB89359AE3}.Debug|Any CPU.ActiveCfg = Debug|Any CPU
		{493C506A-5CB1-408D-BF04-88DB89359AE3}.Debug|Any CPU.Build.0 = Debug|Any CPU
		{493C506A-5CB1-408D-BF04-88DB89359AE3}.Debug|Any CPU.Deploy.0 = Debug|Any CPU
		{493C506A-5CB1-408D-BF04-88DB89359AE3}.Debug|iPhone.ActiveCfg = Debug|Any CPU
		{493C506A-5CB1-408D-BF04-88DB89359AE3}.Debug|iPhone.Build.0 = Debug|Any CPU
		{493C506A-5CB1-408D-BF04-88DB89359AE3}.Debug|iPhone.Deploy.0 = Debug|Any CPU
		{493C506A-5CB1-408D-BF04-88DB89359AE3}.Debug|iPhoneSimulator.ActiveCfg = Debug|Any CPU
		{493C506A-5CB1-408D-BF04-88DB89359AE3}.Debug|iPhoneSimulator.Build.0 = Debug|Any CPU
		{493C506A-5CB1-408D-BF04-88DB89359AE3}.Debug|iPhoneSimulator.Deploy.0 = Debug|Any CPU
		{493C506A-5CB1-408D-BF04-88DB89359AE3}.Release|Any CPU.ActiveCfg = Release|Any CPU
		{493C506A-5CB1-408D-BF04-88DB89359AE3}.Release|Any CPU.Build.0 = Release|Any CPU
		{493C506A-5CB1-408D-BF04-88DB89359AE3}.Release|Any CPU.Deploy.0 = Release|Any CPU
		{493C506A-5CB1-408D-BF04-88DB89359AE3}.Release|iPhone.ActiveCfg = Release|Any CPU
		{493C506A-5CB1-408D-BF04-88DB89359AE3}.Release|iPhone.Build.0 = Release|Any CPU
		{493C506A-5CB1-408D-BF04-88DB89359AE3}.Release|iPhone.Deploy.0 = Release|Any CPU
		{493C506A-5CB1-408D-BF04-88DB89359AE3}.Release|iPhoneSimulator.ActiveCfg = Release|Any CPU
		{493C506A-5CB1-408D-BF04-88DB89359AE3}.Release|iPhoneSimulator.Build.0 = Release|Any CPU
		{493C506A-5CB1-408D-BF04-88DB89359AE3}.Release|iPhoneSimulator.Deploy.0 = Release|Any CPU
		{21EAB8D3-4048-4BFE-91E4-232A982EB72F}.Debug|Any CPU.ActiveCfg = Debug|Any CPU
		{21EAB8D3-4048-4BFE-91E4-232A982EB72F}.Debug|Any CPU.Build.0 = Debug|Any CPU
		{21EAB8D3-4048-4BFE-91E4-232A982EB72F}.Debug|iPhone.ActiveCfg = Debug|Any CPU
		{21EAB8D3-4048-4BFE-91E4-232A982EB72F}.Debug|iPhone.Build.0 = Debug|Any CPU
		{21EAB8D3-4048-4BFE-91E4-232A982EB72F}.Debug|iPhoneSimulator.ActiveCfg = Debug|Any CPU
		{21EAB8D3-4048-4BFE-91E4-232A982EB72F}.Debug|iPhoneSimulator.Build.0 = Debug|Any CPU
		{21EAB8D3-4048-4BFE-91E4-232A982EB72F}.Release|Any CPU.ActiveCfg = Release|Any CPU
		{21EAB8D3-4048-4BFE-91E4-232A982EB72F}.Release|Any CPU.Build.0 = Release|Any CPU
		{21EAB8D3-4048-4BFE-91E4-232A982EB72F}.Release|iPhone.ActiveCfg = Release|Any CPU
		{21EAB8D3-4048-4BFE-91E4-232A982EB72F}.Release|iPhone.Build.0 = Release|Any CPU
		{21EAB8D3-4048-4BFE-91E4-232A982EB72F}.Release|iPhoneSimulator.ActiveCfg = Release|Any CPU
		{21EAB8D3-4048-4BFE-91E4-232A982EB72F}.Release|iPhoneSimulator.Build.0 = Release|Any CPU
	EndGlobalSection
	GlobalSection(SolutionProperties) = preSolution
		HideSolutionNode = FALSE
	EndGlobalSection
	GlobalSection(ExtensibilityGlobals) = postSolution
		SolutionGuid = {DED4002B-B16B-420B-BB7B-16F461EDF128}
	EndGlobalSection
EndGlobal
